// !$*UTF8*$!
{
	archiveVersion = 1;
	classes = {
	};
	objectVersion = 56;
	objects = {

/* Begin PBXBuildFile section */
		3AE64D37ECEB84A67C6DFB0D /* CameraManager.swift in Sources */ = {isa = PBXBuildFile; fileRef = C118A0C15810D188D0D7AD86 /* CameraManager.swift */; };
		5E483DF15E716F59138BA0C2 /* DetectionStatusView.swift in Sources */ = {isa = PBXBuildFile; fileRef = C7F20373A3DA6C2E51E907F9 /* DetectionStatusView.swift */; };
		692DC5EC4292FF177ED787C1 /* EnvelopeDetector.swift in Sources */ = {isa = PBXBuildFile; fileRef = 427158F192F7399EFB2A4AAC /* EnvelopeDetector.swift */; };
		79AF95801B7C5164A5E5BE5A /* GuideOverlayView.swift in Sources */ = {isa = PBXBuildFile; fileRef = 7B951677C36BE70607E080D4 /* GuideOverlayView.swift */; };
		8D6E44AD0CB90EB0C0E3CE33 /* EnvelopeCameraView.swift in Sources */ = {isa = PBXBuildFile; fileRef = 8767B0EC8089ABE5BE2FB22D /* EnvelopeCameraView.swift */; };
		B00100000000000000000001 /* LoveNetOCRApp.swift in Sources */ = {isa = PBXBuildFile; fileRef = F00100000000000000000001 /* LoveNetOCRApp.swift */; };
		B00100000000000000000002 /* ContentView.swift in Sources */ = {isa = PBXBuildFile; fileRef = F00100000000000000000002 /* ContentView.swift */; };
		B00100000000000000000003 /* AppEnvironment.swift in Sources */ = {isa = PBXBuildFile; fileRef = F00100000000000000000003 /* AppEnvironment.swift */; };
		B00100000000000000000004 /* Models.swift in Sources */ = {isa = PBXBuildFile; fileRef = F00100000000000000000004 /* Models.swift */; };
		B00100000000000000000005 /* OCRAPIClient.swift in Sources */ = {isa = PBXBuildFile; fileRef = F00100000000000000000005 /* OCRAPIClient.swift */; };
		B00100000000000000000006 /* ServerSettingsView.swift in Sources */ = {isa = PBXBuildFile; fileRef = F00100000000000000000006 /* ServerSettingsView.swift */; };
		B00100000000000000000007 /* ShareSheet.swift in Sources */ = {isa = PBXBuildFile; fileRef = F00100000000000000000007 /* ShareSheet.swift */; };
		B00100000000000000000008 /* TaskDetailView.swift in Sources */ = {isa = PBXBuildFile; fileRef = F00100000000000000000008 /* TaskDetailView.swift */; };
		B00100000000000000000009 /* TaskListView.swift in Sources */ = {isa = PBXBuildFile; fileRef = F00100000000000000000009 /* TaskListView.swift */; };
		B0010000000000000000000A /* UploadView.swift in Sources */ = {isa = PBXBuildFile; fileRef = F0010000000000000000000A /* UploadView.swift */; };
		B0010000000000000000000B /* Assets.xcassets in Resources */ = {isa = PBXBuildFile; fileRef = F0010000000000000000000B /* Assets.xcassets */; };
		B0010000000000000000000C /* CameraPicker.swift in Sources */ = {isa = PBXBuildFile; fileRef = F0010000000000000000000D /* CameraPicker.swift */; };
		B0010000000000000000000D /* DeviceTextRecognizer.swift in Sources */ = {isa = PBXBuildFile; fileRef = F0010000000000000000000E /* DeviceTextRecognizer.swift */; };
		B0010000000000000000000E /* OfferingEnvelopeProcessor.swift in Sources */ = {isa = PBXBuildFile; fileRef = F0010000000000000000000F /* OfferingEnvelopeProcessor.swift */; };
		BD507C491BC64DA324692974 /* CameraPreviewView.swift in Sources */ = {isa = PBXBuildFile; fileRef = AB09103178EF4AEB5A5578E4 /* CameraPreviewView.swift */; };
		D021CF47C1B509593856C98D /* PerspectiveCorrector.swift in Sources */ = {isa = PBXBuildFile; fileRef = 4029CD205D185CDD0624B446 /* PerspectiveCorrector.swift */; };
/* End PBXBuildFile section */

/* Begin PBXFileReference section */
		4029CD205D185CDD0624B446 /* PerspectiveCorrector.swift */ = {isa = PBXFileReference; includeInIndex = 1; lastKnownFileType = sourcecode.swift; path = PerspectiveCorrector.swift; sourceTree = "<group>"; };
		427158F192F7399EFB2A4AAC /* EnvelopeDetector.swift */ = {isa = PBXFileReference; includeInIndex = 1; lastKnownFileType = sourcecode.swift; path = EnvelopeDetector.swift; sourceTree = "<group>"; };
		7B951677C36BE70607E080D4 /* GuideOverlayView.swift */ = {isa = PBXFileReference; includeInIndex = 1; lastKnownFileType = sourcecode.swift; path = GuideOverlayView.swift; sourceTree = "<group>"; };
		8767B0EC8089ABE5BE2FB22D /* EnvelopeCameraView.swift */ = {isa = PBXFileReference; includeInIndex = 1; lastKnownFileType = sourcecode.swift; path = EnvelopeCameraView.swift; sourceTree = "<group>"; };
		AB09103178EF4AEB5A5578E4 /* CameraPreviewView.swift */ = {isa = PBXFileReference; includeInIndex = 1; lastKnownFileType = sourcecode.swift; path = CameraPreviewView.swift; sourceTree = "<group>"; };
		C118A0C15810D188D0D7AD86 /* CameraManager.swift */ = {isa = PBXFileReference; includeInIndex = 1; lastKnownFileType = sourcecode.swift; path = CameraManager.swift; sourceTree = "<group>"; };
		C7F20373A3DA6C2E51E907F9 /* DetectionStatusView.swift */ = {isa = PBXFileReference; includeInIndex = 1; lastKnownFileType = sourcecode.swift; path = DetectionStatusView.swift; sourceTree = "<group>"; };
		F00100000000000000000001 /* LoveNetOCRApp.swift */ = {isa = PBXFileReference; lastKnownFileType = sourcecode.swift; path = LoveNetOCRApp.swift; sourceTree = "<group>"; };
		F00100000000000000000002 /* ContentView.swift */ = {isa = PBXFileReference; lastKnownFileType = sourcecode.swift; path = ContentView.swift; sourceTree = "<group>"; };
		F00100000000000000000003 /* AppEnvironment.swift */ = {isa = PBXFileReference; lastKnownFileType = sourcecode.swift; path = AppEnvironment.swift; sourceTree = "<group>"; };
		F00100000000000000000004 /* Models.swift */ = {isa = PBXFileReference; lastKnownFileType = sourcecode.swift; path = Models.swift; sourceTree = "<group>"; };
		F00100000000000000000005 /* OCRAPIClient.swift */ = {isa = PBXFileReference; lastKnownFileType = sourcecode.swift; path = OCRAPIClient.swift; sourceTree = "<group>"; };
		F00100000000000000000006 /* ServerSettingsView.swift */ = {isa = PBXFileReference; lastKnownFileType = sourcecode.swift; path = ServerSettingsView.swift; sourceTree = "<group>"; };
		F00100000000000000000007 /* ShareSheet.swift */ = {isa = PBXFileReference; lastKnownFileType = sourcecode.swift; path = ShareSheet.swift; sourceTree = "<group>"; };
		F00100000000000000000008 /* TaskDetailView.swift */ = {isa = PBXFileReference; lastKnownFileType = sourcecode.swift; path = TaskDetailView.swift; sourceTree = "<group>"; };
		F00100000000000000000009 /* TaskListView.swift */ = {isa = PBXFileReference; lastKnownFileType = sourcecode.swift; path = TaskListView.swift; sourceTree = "<group>"; };
		F0010000000000000000000A /* UploadView.swift */ = {isa = PBXFileReference; lastKnownFileType = sourcecode.swift; path = UploadView.swift; sourceTree = "<group>"; };
		F0010000000000000000000B /* Assets.xcassets */ = {isa = PBXFileReference; lastKnownFileType = folder.assetcatalog; path = Assets.xcassets; sourceTree = "<group>"; };
		F0010000000000000000000C /* Info.plist */ = {isa = PBXFileReference; lastKnownFileType = text.plist.xml; path = Info.plist; sourceTree = "<group>"; };
		F0010000000000000000000D /* CameraPicker.swift */ = {isa = PBXFileReference; lastKnownFileType = sourcecode.swift; path = CameraPicker.swift; sourceTree = "<group>"; };
		F0010000000000000000000E /* DeviceTextRecognizer.swift */ = {isa = PBXFileReference; lastKnownFileType = sourcecode.swift; path = DeviceTextRecognizer.swift; sourceTree = "<group>"; };
		F0010000000000000000000F /* OfferingEnvelopeProcessor.swift */ = {isa = PBXFileReference; lastKnownFileType = sourcecode.swift; path = OfferingEnvelopeProcessor.swift; sourceTree = "<group>"; };
		F001000000000000000000FF /* LoveNetOCR.app */ = {isa = PBXFileReference; explicitFileType = wrapper.application; includeInIndex = 0; path = LoveNetOCR.app; sourceTree = BUILT_PRODUCTS_DIR; };
/* End PBXFileReference section */

/* Begin PBXFrameworksBuildPhase section */
		PH00000000000000000000002 /* Frameworks */ = {
			isa = PBXFrameworksBuildPhase;
			buildActionMask = 2147483647;
			files = (
			);
			runOnlyForDeploymentPostprocessing = 0;
		};
/* End PBXFrameworksBuildPhase section */

/* Begin PBXGroup section */
		7F779FB007F4BDB91B1A163D /* Camera */ = {
			isa = PBXGroup;
			children = (
				C118A0C15810D188D0D7AD86 /* CameraManager.swift */,
				AB09103178EF4AEB5A5578E4 /* CameraPreviewView.swift */,
				7B951677C36BE70607E080D4 /* GuideOverlayView.swift */,
				427158F192F7399EFB2A4AAC /* EnvelopeDetector.swift */,
				8767B0EC8089ABE5BE2FB22D /* EnvelopeCameraView.swift */,
				4029CD205D185CDD0624B446 /* PerspectiveCorrector.swift */,
				C7F20373A3DA6C2E51E907F9 /* DetectionStatusView.swift */,
			);
			name = Camera;
			path = Camera;
			sourceTree = "<group>";
		};
		G00000000000000000000001 = {
			isa = PBXGroup;
			children = (
				G00000000000000000000002 /* LoveNetOCR */,
				G00000000000000000000003 /* Products */,
			);
			sourceTree = "<group>";
		};
		G00000000000000000000002 /* LoveNetOCR */ = {
			isa = PBXGroup;
			children = (
				F00100000000000000000001 /* LoveNetOCRApp.swift */,
				F00100000000000000000002 /* ContentView.swift */,
				F00100000000000000000003 /* AppEnvironment.swift */,
				F00100000000000000000004 /* Models.swift */,
				F00100000000000000000005 /* OCRAPIClient.swift */,
				F00100000000000000000006 /* ServerSettingsView.swift */,
				F00100000000000000000007 /* ShareSheet.swift */,
				F00100000000000000000008 /* TaskDetailView.swift */,
				F00100000000000000000009 /* TaskListView.swift */,
				F0010000000000000000000A /* UploadView.swift */,
				F0010000000000000000000D /* CameraPicker.swift */,
				F0010000000000000000000E /* DeviceTextRecognizer.swift */,
				F0010000000000000000000F /* OfferingEnvelopeProcessor.swift */,
				F0010000000000000000000B /* Assets.xcassets */,
				F0010000000000000000000C /* Info.plist */,
				7F779FB007F4BDB91B1A163D /* Camera */,
			);
			path = LoveNetOCR;
			sourceTree = "<group>";
		};
		G00000000000000000000003 /* Products */ = {
			isa = PBXGroup;
			children = (
				F001000000000000000000FF /* LoveNetOCR.app */,
			);
			name = Products;
			sourceTree = "<group>";
		};
/* End PBXGroup section */

/* Begin PBXNativeTarget section */
		T00000000000000000000001 /* LoveNetOCR */ = {
			isa = PBXNativeTarget;
			buildConfigurationList = CL00000000000000000000002 /* Build configuration list for PBXNativeTarget "LoveNetOCR" */;
			buildPhases = (
				PH00000000000000000000001 /* Sources */,
				PH00000000000000000000002 /* Frameworks */,
				PH00000000000000000000003 /* Resources */,
			);
			buildRules = (
			);
			dependencies = (
			);
			name = LoveNetOCR;
			productName = LoveNetOCR;
			productReference = F001000000000000000000FF /* LoveNetOCR.app */;
			productType = "com.apple.product-type.application";
		};
/* End PBXNativeTarget section */

/* Begin PBXProject section */
		P00000000000000000000001 /* Project object */ = {
			isa = PBXProject;
			attributes = {
				BuildIndependentTargetsInParallel = 1;
				LastSwiftUpdateCheck = 1500;
				LastUpgradeCheck = 1500;
				TargetAttributes = {
					T00000000000000000000001 = {
						CreatedOnToolsVersion = 15.0;
					};
				};
			};
			buildConfigurationList = CL00000000000000000000001 /* Build configuration list for PBXProject "LoveNetOCR" */;
			compatibilityVersion = "Xcode 14.0";
			developmentRegion = "zh-Hant";
			hasScannedForEncodings = 0;
			knownRegions = (
				en,
				Base,
				"zh-Hant",
			);
			mainGroup = G00000000000000000000001;
			productRefGroup = G00000000000000000000003 /* Products */;
			projectDirPath = "";
			projectRoot = "";
			targets = (
				T00000000000000000000001 /* LoveNetOCR */,
			);
		};
/* End PBXProject section */

/* Begin PBXResourcesBuildPhase section */
		PH00000000000000000000003 /* Resources */ = {
			isa = PBXResourcesBuildPhase;
			buildActionMask = 2147483647;
			files = (
				B0010000000000000000000B /* Assets.xcassets in Resources */,
			);
			runOnlyForDeploymentPostprocessing = 0;
		};
/* End PBXResourcesBuildPhase section */

/* Begin PBXSourcesBuildPhase section */
		PH00000000000000000000001 /* Sources */ = {
			isa = PBXSourcesBuildPhase;
			buildActionMask = 2147483647;
			files = (
				B00100000000000000000001 /* LoveNetOCRApp.swift in Sources */,
				B00100000000000000000002 /* ContentView.swift in Sources */,
				B00100000000000000000003 /* AppEnvironment.swift in Sources */,
				B00100000000000000000004 /* Models.swift in Sources */,
				B00100000000000000000005 /* OCRAPIClient.swift in Sources */,
				B00100000000000000000006 /* ServerSettingsView.swift in Sources */,
				B00100000000000000000007 /* ShareSheet.swift in Sources */,
				B00100000000000000000008 /* TaskDetailView.swift in Sources */,
				B00100000000000000000009 /* TaskListView.swift in Sources */,
				B0010000000000000000000A /* UploadView.swift in Sources */,
				B0010000000000000000000C /* CameraPicker.swift in Sources */,
				B0010000000000000000000D /* DeviceTextRecognizer.swift in Sources */,
				B0010000000000000000000E /* OfferingEnvelopeProcessor.swift in Sources */,
				3AE64D37ECEB84A67C6DFB0D /* CameraManager.swift in Sources */,
				BD507C491BC64DA324692974 /* CameraPreviewView.swift in Sources */,
				79AF95801B7C5164A5E5BE5A /* GuideOverlayView.swift in Sources */,
				692DC5EC4292FF177ED787C1 /* EnvelopeDetector.swift in Sources */,
				8D6E44AD0CB90EB0C0E3CE33 /* EnvelopeCameraView.swift in Sources */,
				D021CF47C1B509593856C98D /* PerspectiveCorrector.swift in Sources */,
				5E483DF15E716F59138BA0C2 /* DetectionStatusView.swift in Sources */,
			);
			runOnlyForDeploymentPostprocessing = 0;
		};
/* End PBXSourcesBuildPhase section */

/* Begin XCBuildConfiguration section */
		CFG00000000000000000000001 /* Debug */ = {
			isa = XCBuildConfiguration;
			buildSettings = {
				ALWAYS_SEARCH_USER_PATHS = NO;
				ASSETCATALOG_COMPILER_GENERATE_SWIFT_ASSET_SYMBOL_EXTENSIONS = YES;
				CLANG_ENABLE_MODULES = YES;
				CLANG_ENABLE_OBJC_ARC = YES;
				COPY_PHASE_STRIP = NO;
				DEBUG_INFORMATION_FORMAT = dwarf;
				ENABLE_STRICT_OBJC_MSGSEND = YES;
				ENABLE_TESTABILITY = YES;
				GCC_DYNAMIC_NO_PIC = NO;
				GCC_OPTIMIZATION_LEVEL = 0;
				GCC_PREPROCESSOR_DEFINITIONS = (
					"DEBUG=1",
					"$(inherited)",
				);
				IPHONEOS_DEPLOYMENT_TARGET = 17.0;
				MTL_ENABLE_DEBUG_INFO = INCLUDE_SOURCE;
				ONLY_ACTIVE_ARCH = YES;
				SDKROOT = iphoneos;
				SWIFT_ACTIVE_COMPILATION_CONDITIONS = DEBUG;
				SWIFT_OPTIMIZATION_LEVEL = "-Onone";
			};
			name = Debug;
		};
		CFG00000000000000000000002 /* Release */ = {
			isa = XCBuildConfiguration;
			buildSettings = {
				ALWAYS_SEARCH_USER_PATHS = NO;
				ASSETCATALOG_COMPILER_GENERATE_SWIFT_ASSET_SYMBOL_EXTENSIONS = YES;
				CLANG_ENABLE_MODULES = YES;
				CLANG_ENABLE_OBJC_ARC = YES;
				COPY_PHASE_STRIP = NO;
				DEBUG_INFORMATION_FORMAT = "dwarf-with-dsym";
				ENABLE_NS_ASSERTIONS = NO;
				ENABLE_STRICT_OBJC_MSGSEND = YES;
				IPHONEOS_DEPLOYMENT_TARGET = 17.0;
				MTL_ENABLE_DEBUG_INFO = NO;
				SDKROOT = iphoneos;
				SWIFT_COMPILATION_MODE = wholemodule;
				VALIDATE_PRODUCT = YES;
			};
			name = Release;
		};
		CFG00000000000000000000003 /* Debug */ = {
			isa = XCBuildConfiguration;
			buildSettings = {
				ASSETCATALOG_COMPILER_GLOBAL_ACCENT_COLOR_NAME = AccentColor;
				CODE_SIGN_STYLE = Automatic;
				CURRENT_PROJECT_VERSION = 1;
				DEVELOPMENT_TEAM = QWY2AXYCTJ;
				ENABLE_PREVIEWS = YES;
				GENERATE_INFOPLIST_FILE = NO;
				INFOPLIST_FILE = LoveNetOCR/Info.plist;
				INFOPLIST_KEY_UIApplicationSupportsIndirectInputEvents = YES;
				INFOPLIST_KEY_UILaunchStoryboardName = "";
				LD_RUNPATH_SEARCH_PATHS = (
					"$(inherited)",
					"@executable_path/Frameworks",
				);
				MARKETING_VERSION = 1.0;
				PRODUCT_BUNDLE_IDENTIFIER = com.lovenet.ocr;
				PRODUCT_NAME = "$(TARGET_NAME)";
				SUPPORTED_PLATFORMS = "iphoneos iphonesimulator";
				SUPPORTS_MACCATALYST = NO;
				SWIFT_EMIT_LOC_STRINGS = YES;
				SWIFT_VERSION = 5.0;
				TARGETED_DEVICE_FAMILY = "1,2";
			};
			name = Debug;
		};
		CFG00000000000000000000004 /* Release */ = {
			isa = XCBuildConfiguration;
			buildSettings = {
				ASSETCATALOG_COMPILER_GLOBAL_ACCENT_COLOR_NAME = AccentColor;
				CODE_SIGN_STYLE = Automatic;
				CURRENT_PROJECT_VERSION = 1;
				DEVELOPMENT_TEAM = QWY2AXYCTJ;
				ENABLE_PREVIEWS = YES;
				GENERATE_INFOPLIST_FILE = NO;
				INFOPLIST_FILE = LoveNetOCR/Info.plist;
				INFOPLIST_KEY_UIApplicationSupportsIndirectInputEvents = YES;
				INFOPLIST_KEY_UILaunchStoryboardName = "";
				LD_RUNPATH_SEARCH_PATHS = (
					"$(inherited)",
					"@executable_path/Frameworks",
				);
				MARKETING_VERSION = 1.0;
				PRODUCT_BUNDLE_IDENTIFIER = com.lovenet.ocr;
				PRODUCT_NAME = "$(TARGET_NAME)";
				SUPPORTED_PLATFORMS = "iphoneos iphonesimulator";
				SUPPORTS_MACCATALYST = NO;
				SWIFT_EMIT_LOC_STRINGS = YES;
				SWIFT_VERSION = 5.0;
				TARGETED_DEVICE_FAMILY = "1,2";
			};
			name = Release;
		};
/* End XCBuildConfiguration section */

/* Begin XCConfigurationList section */
		CL00000000000000000000001 /* Build configuration list for PBXProject "LoveNetOCR" */ = {
			isa = XCConfigurationList;
			buildConfigurations = (
				CFG00000000000000000000001 /* Debug */,
				CFG00000000000000000000002 /* Release */,
			);
			defaultConfigurationIsVisible = 0;
			defaultConfigurationName = Release;
		};
		CL00000000000000000000002 /* Build configuration list for PBXNativeTarget "LoveNetOCR" */ = {
			isa = XCConfigurationList;
			buildConfigurations = (
				CFG00000000000000000000003 /* Debug */,
				CFG00000000000000000000004 /* Release */,
			);
			defaultConfigurationIsVisible = 0;
			defaultConfigurationName = Release;
		};
/* End XCConfigurationList section */
	};
	rootObject = P00000000000000000000001 /* Project object */;
}
